
Microsoft Visual Studio Solution File, Format Version 12.00
# Visual Studio 15
VisualStudioVersion = 15.0.28010.2048
MinimumVisualStudioVersion = 10.0.40219.1
Project("{FAE04EC0-301F-11D3-BF4B-00C04F79EFBC}") = "MarkIt.Android", "MarkIt\MarkIt.Android\MarkIt.Android.csproj", "{C9CF637F-C8E2-4723-A7F4-3CA791C6F9A0}"
EndProject
Project("{FAE04EC0-301F-11D3-BF4B-00C04F79EFBC}") = "MarkIt.iOS", "MarkIt\MarkIt.iOS\MarkIt.iOS.csproj", "{A9661BB6-DB29-4E41-861B-57B2AC5F8054}"
EndProject
Project("{FAE04EC0-301F-11D3-BF4B-00C04F79EFBC}") = "MarkIt", "MarkIt\MarkIt\MarkIt.csproj", "{B7639598-78A2-42F4-B8DD-33B12ED0BDA2}"
EndProject
Global
	GlobalSection(SolutionConfigurationPlatforms) = preSolution
		Ad-Hoc|Any CPU = Ad-Hoc|Any CPU
		Ad-Hoc|iPhone = Ad-Hoc|iPhone
		Ad-Hoc|iPhoneSimulator = Ad-Hoc|iPhoneSimulator
		AppStore|Any CPU = AppStore|Any CPU
		AppStore|iPhone = AppStore|iPhone
		AppStore|iPhoneSimulator = AppStore|iPhoneSimulator
		Debug|Any CPU = Debug|Any CPU
		Debug|iPhone = Debug|iPhone
		Debug|iPhoneSimulator = Debug|iPhoneSimulator
		Release|Any CPU = Release|Any CPU
		Release|iPhone = Release|iPhone
		Release|iPhoneSimulator = Release|iPhoneSimulator
	EndGlobalSection
	GlobalSection(ProjectConfigurationPlatforms) = postSolution
		{C9CF637F-C8E2-4723-A7F4-3CA791C6F9A0}.Ad-Hoc|Any CPU.ActiveCfg = Release|Any CPU
		{C9CF637F-C8E2-4723-A7F4-3CA791C6F9A0}.Ad-Hoc|Any CPU.Build.0 = Release|Any CPU
		{C9CF637F-C8E2-4723-A7F4-3CA791C6F9A0}.Ad-Hoc|Any CPU.Deploy.0 = Release|Any CPU
		{C9CF637F-C8E2-4723-A7F4-3CA791C6F9A0}.Ad-Hoc|iPhone.ActiveCfg = Release|Any CPU
		{C9CF637F-C8E2-4723-A7F4-3CA791C6F9A0}.Ad-Hoc|iPhone.Build.0 = Release|Any CPU
		{C9CF637F-C8E2-4723-A7F4-3CA791C6F9A0}.Ad-Hoc|iPhone.Deploy.0 = Release|Any CPU
		{C9CF637F-C8E2-4723-A7F4-3CA791C6F9A0}.Ad-Hoc|iPhoneSimulator.ActiveCfg = Release|Any CPU
		{C9CF637F-C8E2-4723-A7F4-3CA791C6F9A0}.Ad-Hoc|iPhoneSimulator.Build.0 = Release|Any CPU
		{C9CF637F-C8E2-4723-A7F4-3CA791C6F9A0}.Ad-Hoc|iPhoneSimulator.Deploy.0 = Release|Any CPU
		{C9CF637F-C8E2-4723-A7F4-3CA791C6F9A0}.AppStore|Any CPU.ActiveCfg = Release|Any CPU
		{C9CF637F-C8E2-4723-A7F4-3CA791C6F9A0}.AppStore|Any CPU.Build.0 = Release|Any CPU
		{C9CF637F-C8E2-4723-A7F4-3CA791C6F9A0}.AppStore|Any CPU.Deploy.0 = Release|Any CPU
		{C9CF637F-C8E2-4723-A7F4-3CA791C6F9A0}.AppStore|iPhone.ActiveCfg = Release|Any CPU
		{C9CF637F-C8E2-4723-A7F4-3CA791C6F9A0}.AppStore|iPhone.Build.0 = Release|Any CPU
		{C9CF637F-C8E2-4723-A7F4-3CA791C6F9A0}.AppStore|iPhone.Deploy.0 = Release|Any CPU
		{C9CF637F-C8E2-4723-A7F4-3CA791C6F9A0}.AppStore|iPhoneSimulator.ActiveCfg = Release|Any CPU
		{C9CF637F-C8E2-4723-A7F4-3CA791C6F9A0}.AppStore|iPhoneSimulator.Build.0 = Release|Any CPU
		{C9CF637F-C8E2-4723-A7F4-3CA791C6F9A0}.AppStore|iPhoneSimulator.Deploy.0 = Release|Any CPU
		{C9CF637F-C8E2-4723-A7F4-3CA791C6F9A0}.Debug|Any CPU.ActiveCfg = Debug|Any CPU
		{C9CF637F-C8E2-4723-A7F4-3CA791C6F9A0}.Debug|Any CPU.Build.0 = Debug|Any CPU
		{C9CF637F-C8E2-4723-A7F4-3CA791C6F9A0}.Debug|Any CPU.Deploy.0 = Debug|Any CPU
		{C9CF637F-C8E2-4723-A7F4-3CA791C6F9A0}.Debug|iPhone.ActiveCfg = Debug|Any CPU
		{C9CF637F-C8E2-4723-A7F4-3CA791C6F9A0}.Debug|iPhone.Build.0 = Debug|Any CPU
		{C9CF637F-C8E2-4723-A7F4-3CA791C6F9A0}.Debug|iPhone.Deploy.0 = Debug|Any CPU
		{C9CF637F-C8E2-4723-A7F4-3CA791C6F9A0}.Debug|iPhoneSimulator.ActiveCfg = Debug|Any CPU
		{C9CF637F-C8E2-4723-A7F4-3CA791C6F9A0}.Debug|iPhoneSimulator.Build.0 = Debug|Any CPU
		{C9CF637F-C8E2-4723-A7F4-3CA791C6F9A0}.Debug|iPhoneSimulator.Deploy.0 = Debug|Any CPU
		{C9CF637F-C8E2-4723-A7F4-3CA791C6F9A0}.Release|Any CPU.ActiveCfg = Release|Any CPU
		{C9CF637F-C8E2-4723-A7F4-3CA791C6F9A0}.Release|Any CPU.Build.0 = Release|Any CPU
		{C9CF637F-C8E2-4723-A7F4-3CA791C6F9A0}.Release|Any CPU.Deploy.0 = Release|Any CPU
		{C9CF637F-C8E2-4723-A7F4-3CA791C6F9A0}.Release|iPhone.ActiveCfg = Release|Any CPU
		{C9CF637F-C8E2-4723-A7F4-3CA791C6F9A0}.Release|iPhone.Build.0 = Release|Any CPU
		{C9CF637F-C8E2-4723-A7F4-3CA791C6F9A0}.Release|iPhone.Deploy.0 = Release|Any CPU
		{C9CF637F-C8E2-4723-A7F4-3CA791C6F9A0}.Release|iPhoneSimulator.ActiveCfg = Release|Any CPU
		{C9CF637F-C8E2-4723-A7F4-3CA791C6F9A0}.Release|iPhoneSimulator.Build.0 = Release|Any CPU
		{C9CF637F-C8E2-4723-A7F4-3CA791C6F9A0}.Release|iPhoneSimulator.Deploy.0 = Release|Any CPU
		{A9661BB6-DB29-4E41-861B-57B2AC5F8054}.Ad-Hoc|Any CPU.ActiveCfg = Ad-Hoc|iPhone
		{A9661BB6-DB29-4E41-861B-57B2AC5F8054}.Ad-Hoc|Any CPU.Build.0 = Ad-Hoc|iPhone
		{A9661BB6-DB29-4E41-861B-57B2AC5F8054}.Ad-Hoc|Any CPU.Deploy.0 = Ad-Hoc|iPhone
		{A9661BB6-DB29-4E41-861B-57B2AC5F8054}.Ad-Hoc|iPhone.ActiveCfg = Ad-Hoc|iPhone
		{A9661BB6-DB29-4E41-861B-57B2AC5F8054}.Ad-Hoc|iPhone.Build.0 = Ad-Hoc|iPhone
		{A9661BB6-DB29-4E41-861B-57B2AC5F8054}.Ad-Hoc|iPhone.Deploy.0 = Ad-Hoc|iPhone
		{A9661BB6-DB29-4E41-861B-57B2AC5F8054}.Ad-Hoc|iPhoneSimulator.ActiveCfg = Ad-Hoc|iPhoneSimulator
		{A9661BB6-DB29-4E41-861B-57B2AC5F8054}.Ad-Hoc|iPhoneSimulator.Build.0 = Ad-Hoc|iPhoneSimulator
		{A9661BB6-DB29-4E41-861B-57B2AC5F8054}.Ad-Hoc|iPhoneSimulator.Deploy.0 = Ad-Hoc|iPhoneSimulator
		{A9661BB6-DB29-4E41-861B-57B2AC5F8054}.AppStore|Any CPU.ActiveCfg = AppStore|iPhone
		{A9661BB6-DB29-4E41-861B-57B2AC5F8054}.AppStore|Any CPU.Build.0 = AppStore|iPhone
		{A9661BB6-DB29-4E41-861B-57B2AC5F8054}.AppStore|Any CPU.Deploy.0 = AppStore|iPhone
		{A9661BB6-DB29-4E41-861B-57B2AC5F8054}.AppStore|iPhone.ActiveCfg = AppStore|iPhone
		{A9661BB6-DB29-4E41-861B-57B2AC5F8054}.AppStore|iPhone.Build.0 = AppStore|iPhone
		{A9661BB6-DB29-4E41-861B-57B2AC5F8054}.AppStore|iPhone.Deploy.0 = AppStore|iPhone
		{A9661BB6-DB29-4E41-861B-57B2AC5F8054}.AppStore|iPhoneSimulator.ActiveCfg = AppStore|iPhoneSimulator
		{A9661BB6-DB29-4E41-861B-57B2AC5F8054}.AppStore|iPhoneSimulator.Build.0 = AppStore|iPhoneSimulator
		{A9661BB6-DB29-4E41-861B-57B2AC5F8054}.AppStore|iPhoneSimulator.Deploy.0 = AppStore|iPhoneSimulator
		{A9661BB6-DB29-4E41-861B-57B2AC5F8054}.Debug|Any CPU.ActiveCfg = Debug|iPhoneSimulator
		{A9661BB6-DB29-4E41-861B-57B2AC5F8054}.Debug|Any CPU.Build.0 = Debug|iPhoneSimulator
		{A9661BB6-DB29-4E41-861B-57B2AC5F8054}.Debug|Any CPU.Deploy.0 = Debug|iPhoneSimulator
		{A9661BB6-DB29-4E41-861B-57B2AC5F8054}.Debug|iPhone.ActiveCfg = Debug|iPhone
		{A9661BB6-DB29-4E41-861B-57B2AC5F8054}.Debug|iPhone.Build.0 = Debug|iPhone
		{A9661BB6-DB29-4E41-861B-57B2AC5F8054}.Debug|iPhone.Deploy.0 = Debug|iPhone
		{A9661BB6-DB29-4E41-861B-57B2AC5F8054}.Debug|iPhoneSimulator.ActiveCfg = Debug|iPhoneSimulator
		{A9661BB6-DB29-4E41-861B-57B2AC5F8054}.Debug|iPhoneSimulator.Build.0 = Debug|iPhoneSimulator
		{A9661BB6-DB29-4E41-861B-57B2AC5F8054}.Debug|iPhoneSimulator.Deploy.0 = Debug|iPhoneSimulator
		{A9661BB6-DB29-4E41-861B-57B2AC5F8054}.Release|Any CPU.ActiveCfg = Release|iPhone
		{A9661BB6-DB29-4E41-861B-57B2AC5F8054}.Release|Any CPU.Build.0 = Release|iPhone
		{A9661BB6-DB29-4E41-861B-57B2AC5F8054}.Release|Any CPU.Deploy.0 = Release|iPhone
		{A9661BB6-DB29-4E41-861B-57B2AC5F8054}.Release|iPhone.ActiveCfg = Release|iPhone
		{A9661BB6-DB29-4E41-861B-57B2AC5F8054}.Release|iPhone.Build.0 = Release|iPhone
		{A9661BB6-DB29-4E41-861B-57B2AC5F8054}.Release|iPhone.Deploy.0 = Release|iPhone
		{A9661BB6-DB29-4E41-861B-57B2AC5F8054}.Release|iPhoneSimulator.ActiveCfg = Release|iPhoneSimulator
		{A9661BB6-DB29-4E41-861B-57B2AC5F8054}.Release|iPhoneSimulator.Build.0 = Release|iPhoneSimulator
		{A9661BB6-DB29-4E41-861B-57B2AC5F8054}.Release|iPhoneSimulator.Deploy.0 = Release|iPhoneSimulator
		{B7639598-78A2-42F4-B8DD-33B12ED0BDA2}.Ad-Hoc|Any CPU.ActiveCfg = Debug|Any CPU
		{B7639598-78A2-42F4-B8DD-33B12ED0BDA2}.Ad-Hoc|Any CPU.Build.0 = Debug|Any CPU
		{B7639598-78A2-42F4-B8DD-33B12ED0BDA2}.Ad-Hoc|Any CPU.Deploy.0 = Debug|Any CPU
		{B7639598-78A2-42F4-B8DD-33B12ED0BDA2}.Ad-Hoc|iPhone.ActiveCfg = Debug|Any CPU
		{B7639598-78A2-42F4-B8DD-33B12ED0BDA2}.Ad-Hoc|iPhone.Build.0 = Debug|Any CPU
		{B7639598-78A2-42F4-B8DD-33B12ED0BDA2}.Ad-Hoc|iPhone.Deploy.0 = Debug|Any CPU
		{B7639598-78A2-42F4-B8DD-33B12ED0BDA2}.Ad-Hoc|iPhoneSimulator.ActiveCfg = Debug|Any CPU
		{B7639598-78A2-42F4-B8DD-33B12ED0BDA2}.Ad-Hoc|iPhoneSimulator.Build.0 = Debug|Any CPU
		{B7639598-78A2-42F4-B8DD-33B12ED0BDA2}.Ad-Hoc|iPhoneSimulator.Deploy.0 = Debug|Any CPU
		{B7639598-78A2-42F4-B8DD-33B12ED0BDA2}.AppStore|Any CPU.ActiveCfg = Debug|Any CPU
		{B7639598-78A2-42F4-B8DD-33B12ED0BDA2}.AppStore|Any CPU.Build.0 = Debug|Any CPU
		{B7639598-78A2-42F4-B8DD-33B12ED0BDA2}.AppStore|Any CPU.Deploy.0 = Debug|Any CPU
		{B7639598-78A2-42F4-B8DD-33B12ED0BDA2}.AppStore|iPhone.ActiveCfg = Debug|Any CPU
		{B7639598-78A2-42F4-B8DD-33B12ED0BDA2}.AppStore|iPhone.Build.0 = Debug|Any CPU
		{B7639598-78A2-42F4-B8DD-33B12ED0BDA2}.AppStore|iPhone.Deploy.0 = Debug|Any CPU
		{B7639598-78A2-42F4-B8DD-33B12ED0BDA2}.AppStore|iPhoneSimulator.ActiveCfg = Debug|Any CPU
		{B7639598-78A2-42F4-B8DD-33B12ED0BDA2}.AppStore|iPhoneSimulator.Build.0 = Debug|Any CPU
		{B7639598-78A2-42F4-B8DD-33B12ED0BDA2}.AppStore|iPhoneSimulator.Deploy.0 = Debug|Any CPU
		{B7639598-78A2-42F4-B8DD-33B12ED0BDA2}.Debug|Any CPU.ActiveCfg = Debug|Any CPU
		{B7639598-78A2-42F4-B8DD-33B12ED0BDA2}.Debug|Any CPU.Build.0 = Debug|Any CPU
		{B7639598-78A2-42F4-B8DD-33B12ED0BDA2}.Debug|Any CPU.Deploy.0 = Debug|Any CPU
		{B7639598-78A2-42F4-B8DD-33B12ED0BDA2}.Debug|iPhone.ActiveCfg = Debug|Any CPU
		{B7639598-78A2-42F4-B8DD-33B12ED0BDA2}.Debug|iPhone.Build.0 = Debug|Any CPU
		{B7639598-78A2-42F4-B8DD-33B12ED0BDA2}.Debug|iPhone.Deploy.0 = Debug|Any CPU
		{B7639598-78A2-42F4-B8DD-33B12ED0BDA2}.Debug|iPhoneSimulator.ActiveCfg = Debug|Any CPU
		{B7639598-78A2-42F4-B8DD-33B12ED0BDA2}.Debug|iPhoneSimulator.Build.0 = Debug|Any CPU
		{B7639598-78A2-42F4-B8DD-33B12ED0BDA2}.Debug|iPhoneSimulator.Deploy.0 = Debug|Any CPU
		{B7639598-78A2-42F4-B8DD-33B12ED0BDA2}.Release|Any CPU.ActiveCfg = Release|Any CPU
		{B7639598-78A2-42F4-B8DD-33B12ED0BDA2}.Release|Any CPU.Build.0 = Release|Any CPU
		{B7639598-78A2-42F4-B8DD-33B12ED0BDA2}.Release|Any CPU.Deploy.0 = Release|Any CPU
		{B7639598-78A2-42F4-B8DD-33B12ED0BDA2}.Release|iPhone.ActiveCfg = Release|Any CPU
		{B7639598-78A2-42F4-B8DD-33B12ED0BDA2}.Release|iPhone.Build.0 = Release|Any CPU
		{B7639598-78A2-42F4-B8DD-33B12ED0BDA2}.Release|iPhone.Deploy.0 = Release|Any CPU
		{B7639598-78A2-42F4-B8DD-33B12ED0BDA2}.Release|iPhoneSimulator.ActiveCfg = Release|Any CPU
		{B7639598-78A2-42F4-B8DD-33B12ED0BDA2}.Release|iPhoneSimulator.Build.0 = Release|Any CPU
		{B7639598-78A2-42F4-B8DD-33B12ED0BDA2}.Release|iPhoneSimulator.Deploy.0 = Release|Any CPU
	EndGlobalSection
	GlobalSection(SolutionProperties) = preSolution
		HideSolutionNode = FALSE
	EndGlobalSection
	GlobalSection(ExtensibilityGlobals) = postSolution
		SolutionGuid = {54095233-209E-4FD2-889A-B8FAFB286F9C}
	EndGlobalSection
EndGlobal
